
Microsoft Visual Studio Solution File, Format Version 12.00
# Visual Studio Version 17
VisualStudioVersion = 17.3.32901.215
MinimumVisualStudioVersion = 10.0.40219.1
Project("{FAE04EC0-301F-11D3-BF4B-00C04F79EFBC}") = "sdf", "sdf\sdf.csproj", "{09B2849F-A715-44D6-A75D-F6F01B013435}"
EndProject
Global
	GlobalSection(SolutionConfigurationPlatforms) = preSolution
		Debug|Any CPU = Debug|Any CPU
		Release|Any CPU = Release|Any CPU
	EndGlobalSection
	GlobalSection(ProjectConfigurationPlatforms) = postSolution
		{09B2849F-A715-44D6-A75D-F6F01B013435}.Debug|Any CPU.ActiveCfg = Debug|Any CPU
		{09B2849F-A715-44D6-A75D-F6F01B013435}.Debug|Any CPU.Build.0 = Debug|Any CPU
		{09B2849F-A715-44D6-A75D-F6F01B013435}.Release|Any CPU.ActiveCfg = Release|Any CPU
		{09B2849F-A715-44D6-A75D-F6F01B013435}.Release|Any CPU.Build.0 = Release|Any CPU
	EndGlobalSection
	GlobalSection(SolutionProperties) = preSolution
		HideSolutionNode = FALSE
	EndGlobalSection
	GlobalSection(ExtensibilityGlobals) = postSolution
		SolutionGuid = {D6998FF0-81D3-4C9D-83B0-6450B513D3D9}
	EndGlobalSection
EndGlobal
